// !$*UTF8*$!
{
	archiveVersion = 1;
	classes = {
	};
	objectVersion = 48;
	objects = {

/* Begin PBXBuildFile section */
		69BA6E9A38EBBED69B6A8E97 /* libPods-RACRequestDemo.a in Frameworks */ = {isa = PBXBuildFile; fileRef = D7FE1B68509F4F923F816DED /* libPods-RACRequestDemo.a */; };
		D5EEBFE5200F504B003E54F0 /* AppDelegate.m in Sources */ = {isa = PBXBuildFile; fileRef = D5EEBFE4200F504B003E54F0 /* AppDelegate.m */; };
		D5EEBFE8200F504B003E54F0 /* ViewController.m in Sources */ = {isa = PBXBuildFile; fileRef = D5EEBFE7200F504B003E54F0 /* ViewController.m */; };
		D5EEBFEB200F504B003E54F0 /* Main.storyboard in Resources */ = {isa = PBXBuildFile; fileRef = D5EEBFE9200F504B003E54F0 /* Main.storyboard */; };
		D5EEBFED200F504B003E54F0 /* Assets.xcassets in Resources */ = {isa = PBXBuildFile; fileRef = D5EEBFEC200F504B003E54F0 /* Assets.xcassets */; };
		D5EEBFF0200F504B003E54F0 /* LaunchScreen.storyboard in Resources */ = {isa = PBXBuildFile; fileRef = D5EEBFEE200F504B003E54F0 /* LaunchScreen.storyboard */; };
		D5EEBFF3200F504B003E54F0 /* main.m in Sources */ = {isa = PBXBuildFile; fileRef = D5EEBFF2200F504B003E54F0 /* main.m */; };
/* End PBXBuildFile section */

/* Begin PBXFileReference section */
		29448825100EA9FB9FD28670 /* Pods-RACRequestDemo.release.xcconfig */ = {isa = PBXFileReference; includeInIndex = 1; lastKnownFileType = text.xcconfig; name = "Pods-RACRequestDemo.release.xcconfig"; path = "Pods/Target Support Files/Pods-RACRequestDemo/Pods-RACRequestDemo.release.xcconfig"; sourceTree = "<group>"; };
		6BC23D05A8EF4E926C2EEE36 /* Pods-RACRequestDemo.debug.xcconfig */ = {isa = PBXFileReference; includeInIndex = 1; lastKnownFileType = text.xcconfig; name = "Pods-RACRequestDemo.debug.xcconfig"; path = "Pods/Target Support Files/Pods-RACRequestDemo/Pods-RACRequestDemo.debug.xcconfig"; sourceTree = "<group>"; };
		D5EEBFE0200F504B003E54F0 /* RACRequestDemo.app */ = {isa = PBXFileReference; explicitFileType = wrapper.application; includeInIndex = 0; path = RACRequestDemo.app; sourceTree = BUILT_PRODUCTS_DIR; };
		D5EEBFE3200F504B003E54F0 /* AppDelegate.h */ = {isa = PBXFileReference; lastKnownFileType = sourcecode.c.h; path = AppDelegate.h; sourceTree = "<group>"; };
		D5EEBFE4200F504B003E54F0 /* AppDelegate.m */ = {isa = PBXFileReference; lastKnownFileType = sourcecode.c.objc; path = AppDelegate.m; sourceTree = "<group>"; };
		D5EEBFE6200F504B003E54F0 /* ViewController.h */ = {isa = PBXFileReference; lastKnownFileType = sourcecode.c.h; path = ViewController.h; sourceTree = "<group>"; };
		D5EEBFE7200F504B003E54F0 /* ViewController.m */ = {isa = PBXFileReference; lastKnownFileType = sourcecode.c.objc; path = ViewController.m; sourceTree = "<group>"; };
		D5EEBFEA200F504B003E54F0 /* Base */ = {isa = PBXFileReference; lastKnownFileType = file.storyboard; name = Base; path = Base.lproj/Main.storyboard; sourceTree = "<group>"; };
		D5EEBFEC200F504B003E54F0 /* Assets.xcassets */ = {isa = PBXFileReference; lastKnownFileType = folder.assetcatalog; path = Assets.xcassets; sourceTree = "<group>"; };
		D5EEBFEF200F504B003E54F0 /* Base */ = {isa = PBXFileReference; lastKnownFileType = file.storyboard; name = Base; path = Base.lproj/LaunchScreen.storyboard; sourceTree = "<group>"; };
		D5EEBFF1200F504B003E54F0 /* Info.plist */ = {isa = PBXFileReference; lastKnownFileType = text.plist.xml; path = Info.plist; sourceTree = "<group>"; };
		D5EEBFF2200F504B003E54F0 /* main.m */ = {isa = PBXFileReference; lastKnownFileType = sourcecode.c.objc; path = main.m; sourceTree = "<group>"; };
		D7FE1B68509F4F923F816DED /* libPods-RACRequestDemo.a */ = {isa = PBXFileReference; explicitFileType = archive.ar; includeInIndex = 0; path = "libPods-RACRequestDemo.a"; sourceTree = BUILT_PRODUCTS_DIR; };
/* End PBXFileReference section */

/* Begin PBXFrameworksBuildPhase section */
		D5EEBFDD200F504B003E54F0 /* Frameworks */ = {
			isa = PBXFrameworksBuildPhase;
			buildActionMask = 2147483647;
			files = (
				69BA6E9A38EBBED69B6A8E97 /* libPods-RACRequestDemo.a in Frameworks */,
			);
			runOnlyForDeploymentPostprocessing = 0;
		};
/* End PBXFrameworksBuildPhase section */

/* Begin PBXGroup section */
		185EFB343A6206B207C9C397 /* Pods */ = {
			isa = PBXGroup;
			children = (
				6BC23D05A8EF4E926C2EEE36 /* Pods-RACRequestDemo.debug.xcconfig */,
				29448825100EA9FB9FD28670 /* Pods-RACRequestDemo.release.xcconfig */,
			);
			name = Pods;
			sourceTree = "<group>";
		};
		64E89F8A78D02D1C615F8F20 /* Frameworks */ = {
			isa = PBXGroup;
			children = (
				D7FE1B68509F4F923F816DED /* libPods-RACRequestDemo.a */,
			);
			name = Frameworks;
			sourceTree = "<group>";
		};
		D5EEBFD7200F504B003E54F0 = {
			isa = PBXGroup;
			children = (
				D5EEBFE2200F504B003E54F0 /* RACRequestDemo */,
				D5EEBFE1200F504B003E54F0 /* Products */,
				185EFB343A6206B207C9C397 /* Pods */,
				64E89F8A78D02D1C615F8F20 /* Frameworks */,
			);
			sourceTree = "<group>";
		};
		D5EEBFE1200F504B003E54F0 /* Products */ = {
			isa = PBXGroup;
			children = (
				D5EEBFE0200F504B003E54F0 /* RACRequestDemo.app */,
			);
			name = Products;
			sourceTree = "<group>";
		};
		D5EEBFE2200F504B003E54F0 /* RACRequestDemo */ = {
			isa = PBXGroup;
			children = (
				D5EEBFE3200F504B003E54F0 /* AppDelegate.h */,
				D5EEBFE4200F504B003E54F0 /* AppDelegate.m */,
				D5EEBFE6200F504B003E54F0 /* ViewController.h */,
				D5EEBFE7200F504B003E54F0 /* ViewController.m */,
				D5EEBFE9200F504B003E54F0 /* Main.storyboard */,
				D5EEBFEC200F504B003E54F0 /* Assets.xcassets */,
				D5EEBFEE200F504B003E54F0 /* LaunchScreen.storyboard */,
				D5EEBFF1200F504B003E54F0 /* Info.plist */,
				D5EEBFF2200F504B003E54F0 /* main.m */,
			);
			path = RACRequestDemo;
			sourceTree = "<group>";
		};
/* End PBXGroup section */

/* Begin PBXNativeTarget section */
		D5EEBFDF200F504B003E54F0 /* RACRequestDemo */ = {
			isa = PBXNativeTarget;
			buildConfigurationList = D5EEBFF6200F504B003E54F0 /* Build configuration list for PBXNativeTarget "RACRequestDemo" */;
			buildPhases = (
				4FB724B24E5A1B243C14389A /* [CP] Check Pods Manifest.lock */,
				D5EEBFDC200F504B003E54F0 /* Sources */,
				D5EEBFDD200F504B003E54F0 /* Frameworks */,
				D5EEBFDE200F504B003E54F0 /* Resources */,
				C19C7736DD9BA9DC2089441C /* [CP] Embed Pods Frameworks */,
				AC76E349DD94AEE9109CD39B /* [CP] Copy Pods Resources */,
			);
			buildRules = (
			);
			dependencies = (
			);
			name = RACRequestDemo;
			productName = RACRequestDemo;
			productReference = D5EEBFE0200F504B003E54F0 /* RACRequestDemo.app */;
			productType = "com.apple.product-type.application";
		};
/* End PBXNativeTarget section */

/* Begin PBXProject section */
		D5EEBFD8200F504B003E54F0 /* Project object */ = {
			isa = PBXProject;
			attributes = {
				LastUpgradeCheck = 0920;
				ORGANIZATIONNAME = idol;
				TargetAttributes = {
					D5EEBFDF200F504B003E54F0 = {
						CreatedOnToolsVersion = 9.2;
						ProvisioningStyle = Automatic;
					};
				};
			};
			buildConfigurationList = D5EEBFDB200F504B003E54F0 /* Build configuration list for PBXProject "RACRequestDemo" */;
			compatibilityVersion = "Xcode 8.0";
			developmentRegion = en;
			hasScannedForEncodings = 0;
			knownRegions = (
				en,
				Base,
			);
			mainGroup = D5EEBFD7200F504B003E54F0;
			productRefGroup = D5EEBFE1200F504B003E54F0 /* Products */;
			projectDirPath = "";
			projectRoot = "";
			targets = (
				D5EEBFDF200F504B003E54F0 /* RACRequestDemo */,
			);
		};
/* End PBXProject section */

/* Begin PBXResourcesBuildPhase section */
		D5EEBFDE200F504B003E54F0 /* Resources */ = {
			isa = PBXResourcesBuildPhase;
			buildActionMask = 2147483647;
			files = (
				D5EEBFF0200F504B003E54F0 /* LaunchScreen.storyboard in Resources */,
				D5EEBFED200F504B003E54F0 /* Assets.xcassets in Resources */,
				D5EEBFEB200F504B003E54F0 /* Main.storyboard in Resources */,
			);
			runOnlyForDeploymentPostprocessing = 0;
		};
/* End PBXResourcesBuildPhase section */

/* Begin PBXShellScriptBuildPhase section */
		4FB724B24E5A1B243C14389A /* [CP] Check Pods Manifest.lock */ = {
			isa = PBXShellScriptBuildPhase;
			buildActionMask = 2147483647;
			files = (
			);
			inputPaths = (
				"${PODS_PODFILE_DIR_PATH}/Podfile.lock",
				"${PODS_ROOT}/Manifest.lock",
			);
			name = "[CP] Check Pods Manifest.lock";
			outputPaths = (
				"$(DERIVED_FILE_DIR)/Pods-RACRequestDemo-checkManifestLockResult.txt",
			);
			runOnlyForDeploymentPostprocessing = 0;
			shellPath = /bin/sh;
			shellScript = "diff \"${PODS_PODFILE_DIR_PATH}/Podfile.lock\" \"${PODS_ROOT}/Manifest.lock\" > /dev/null\nif [ $? != 0 ] ; then\n    # print error to STDERR\n    echo \"error: The sandbox is not in sync with the Podfile.lock. Run 'pod install' or update your CocoaPods installation.\" >&2\n    exit 1\nfi\n# This output is used by Xcode 'outputs' to avoid re-running this script phase.\necho \"SUCCESS\" > \"${SCRIPT_OUTPUT_FILE_0}\"\n";
			showEnvVarsInLog = 0;
		};
		AC76E349DD94AEE9109CD39B /* [CP] Copy Pods Resources */ = {
			isa = PBXShellScriptBuildPhase;
			buildActionMask = 2147483647;
			files = (
			);
			inputPaths = (
			);
			name = "[CP] Copy Pods Resources";
			outputPaths = (
			);
			runOnlyForDeploymentPostprocessing = 0;
			shellPath = /bin/sh;
			shellScript = "\"${SRCROOT}/Pods/Target Support Files/Pods-RACRequestDemo/Pods-RACRequestDemo-resources.sh\"\n";
			showEnvVarsInLog = 0;
		};
		C19C7736DD9BA9DC2089441C /* [CP] Embed Pods Frameworks */ = {
			isa = PBXShellScriptBuildPhase;
			buildActionMask = 2147483647;
			files = (
			);
			inputPaths = (
			);
			name = "[CP] Embed Pods Frameworks";
			outputPaths = (
			);
			runOnlyForDeploymentPostprocessing = 0;
			shellPath = /bin/sh;
			shellScript = "\"${SRCROOT}/Pods/Target Support Files/Pods-RACRequestDemo/Pods-RACRequestDemo-frameworks.sh\"\n";
			showEnvVarsInLog = 0;
		};
/* End PBXShellScriptBuildPhase section */

/* Begin PBXSourcesBuildPhase section */
		D5EEBFDC200F504B003E54F0 /* Sources */ = {
			isa = PBXSourcesBuildPhase;
			buildActionMask = 2147483647;
			files = (
				D5EEBFE8200F504B003E54F0 /* ViewController.m in Sources */,
				D5EEBFF3200F504B003E54F0 /* main.m in Sources */,
				D5EEBFE5200F504B003E54F0 /* AppDelegate.m in Sources */,
			);
			runOnlyForDeploymentPostprocessing = 0;
		};
/* End PBXSourcesBuildPhase section */

/* Begin PBXVariantGroup section */
		D5EEBFE9200F504B003E54F0 /* Main.storyboard */ = {
			isa = PBXVariantGroup;
			children = (
				D5EEBFEA200F504B003E54F0 /* Base */,
			);
			name = Main.storyboard;
			sourceTree = "<group>";
		};
		D5EEBFEE200F504B003E54F0 /* LaunchScreen.storyboard */ = {
			isa = PBXVariantGroup;
			children = (
				D5EEBFEF200F504B003E54F0 /* Base */,
			);
			name = LaunchScreen.storyboard;
			sourceTree = "<group>";
		};
/* End PBXVariantGroup section */

/* Begin XCBuildConfiguration section */
		D5EEBFF4200F504B003E54F0 /* Debug */ = {
			isa = XCBuildConfiguration;
			buildSettings = {
				ALWAYS_SEARCH_USER_PATHS = NO;
				CLANG_ANALYZER_NONNULL = YES;
				CLANG_ANALYZER_NUMBER_OBJECT_CONVERSION = YES_AGGRESSIVE;
				CLANG_CXX_LANGUAGE_STANDARD = "gnu++14";
				CLANG_CXX_LIBRARY = "libc++";
				CLANG_ENABLE_MODULES = YES;
				CLANG_ENABLE_OBJC_ARC = YES;
				CLANG_WARN_BLOCK_CAPTURE_AUTORELEASING = YES;
				CLANG_WARN_BOOL_CONVERSION = YES;
				CLANG_WARN_COMMA = YES;
				CLANG_WARN_CONSTANT_CONVERSION = YES;
				CLANG_WARN_DIRECT_OBJC_ISA_USAGE = YES_ERROR;
				CLANG_WARN_DOCUMENTATION_COMMENTS = YES;
				CLANG_WARN_EMPTY_BODY = YES;
				CLANG_WARN_ENUM_CONVERSION = YES;
				CLANG_WARN_INFINITE_RECURSION = YES;
				CLANG_WARN_INT_CONVERSION = YES;
				CLANG_WARN_NON_LITERAL_NULL_CONVERSION = YES;
				CLANG_WARN_OBJC_LITERAL_CONVERSION = YES;
				CLANG_WARN_OBJC_ROOT_CLASS = YES_ERROR;
				CLANG_WARN_RANGE_LOOP_ANALYSIS = YES;
				CLANG_WARN_STRICT_PROTOTYPES = YES;
				CLANG_WARN_SUSPICIOUS_MOVE = YES;
				CLANG_WARN_UNGUARDED_AVAILABILITY = YES_AGGRESSIVE;
				CLANG_WARN_UNREACHABLE_CODE = YES;
				CLANG_WARN__DUPLICATE_METHOD_MATCH = YES;
				CODE_SIGN_IDENTITY = "iPhone Developer";
				COPY_PHASE_STRIP = NO;
				DEBUG_INFORMATION_FORMAT = dwarf;
				ENABLE_STRICT_OBJC_MSGSEND = YES;
				ENABLE_TESTABILITY = YES;
				GCC_C_LANGUAGE_STANDARD = gnu11;
				GCC_DYNAMIC_NO_PIC = NO;
				GCC_NO_COMMON_BLOCKS = YES;
				GCC_OPTIMIZATION_LEVEL = 0;
				GCC_PREPROCESSOR_DEFINITIONS = (
					"DEBUG=1",
					"$(inherited)",
				);
				GCC_WARN_64_TO_32_BIT_CONVERSION = YES;
				GCC_WARN_ABOUT_RETURN_TYPE = YES_ERROR;
				GCC_WARN_UNDECLARED_SELECTOR = YES;
				GCC_WARN_UNINITIALIZED_AUTOS = YES_AGGRESSIVE;
				GCC_WARN_UNUSED_FUNCTION = YES;
				GCC_WARN_UNUSED_VARIABLE = YES;
				IPHONEOS_DEPLOYMENT_TARGET = 11.2;
				MTL_ENABLE_DEBUG_INFO = YES;
				ONLY_ACTIVE_ARCH = YES;
				SDKROOT = iphoneos;
			};
			name = Debug;
		};
		D5EEBFF5200F504B003E54F0 /* Release */ = {
			isa = XCBuildConfiguration;
			buildSettings = {
				ALWAYS_SEARCH_USER_PATHS = NO;
				CLANG_ANALYZER_NONNULL = YES;
				CLANG_ANALYZER_NUMBER_OBJECT_CONVERSION = YES_AGGRESSIVE;
				CLANG_CXX_LANGUAGE_STANDARD = "gnu++14";
				CLANG_CXX_LIBRARY = "libc++";
				CLANG_ENABLE_MODULES = YES;
				CLANG_ENABLE_OBJC_ARC = YES;
				CLANG_WARN_BLOCK_CAPTURE_AUTORELEASING = YES;
				CLANG_WARN_BOOL_CONVERSION = YES;
				CLANG_WARN_COMMA = YES;
				CLANG_WARN_CONSTANT_CONVERSION = YES;
				CLANG_WARN_DIRECT_OBJC_ISA_USAGE = YES_ERROR;
				CLANG_WARN_DOCUMENTATION_COMMENTS = YES;
				CLANG_WARN_EMPTY_BODY = YES;
				CLANG_WARN_ENUM_CONVERSION = YES;
				CLANG_WARN_INFINITE_RECURSION = YES;
				CLANG_WARN_INT_CONVERSION = YES;
				CLANG_WARN_NON_LITERAL_NULL_CONVERSION = YES;
				CLANG_WARN_OBJC_LITERAL_CONVERSION = YES;
				CLANG_WARN_OBJC_ROOT_CLASS = YES_ERROR;
				CLANG_WARN_RANGE_LOOP_ANALYSIS = YES;
				CLANG_WARN_STRICT_PROTOTYPES = YES;
				CLANG_WARN_SUSPICIOUS_MOVE = YES;
				CLANG_WARN_UNGUARDED_AVAILABILITY = YES_AGGRESSIVE;
				CLANG_WARN_UNREACHABLE_CODE = YES;
				CLANG_WARN__DUPLICATE_METHOD_MATCH = YES;
				CODE_SIGN_IDENTITY = "iPhone Developer";
				COPY_PHASE_STRIP = NO;
				DEBUG_INFORMATION_FORMAT = "dwarf-with-dsym";
				ENABLE_NS_ASSERTIONS = NO;
				ENABLE_STRICT_OBJC_MSGSEND = YES;
				GCC_C_LANGUAGE_STANDARD = gnu11;
				GCC_NO_COMMON_BLOCKS = YES;
				GCC_WARN_64_TO_32_BIT_CONVERSION = YES;
				GCC_WARN_ABOUT_RETURN_TYPE = YES_ERROR;
				GCC_WARN_UNDECLARED_SELECTOR = YES;
				GCC_WARN_UNINITIALIZED_AUTOS = YES_AGGRESSIVE;
				GCC_WARN_UNUSED_FUNCTION = YES;
				GCC_WARN_UNUSED_VARIABLE = YES;
				IPHONEOS_DEPLOYMENT_TARGET = 11.2;
				MTL_ENABLE_DEBUG_INFO = NO;
				SDKROOT = iphoneos;
				VALIDATE_PRODUCT = YES;
			};
			name = Release;
		};
		D5EEBFF7200F504B003E54F0 /* Debug */ = {
			isa = XCBuildConfiguration;
			baseConfigurationReference = 6BC23D05A8EF4E926C2EEE36 /* Pods-RACRequestDemo.debug.xcconfig */;
			buildSettings = {
				ASSETCATALOG_COMPILER_APPICON_NAME = AppIcon;
				CODE_SIGN_STYLE = Automatic;
				INFOPLIST_FILE = RACRequestDemo/Info.plist;
				LD_RUNPATH_SEARCH_PATHS = "$(inherited) @executable_path/Frameworks";
				PRODUCT_BUNDLE_IDENTIFIER = com.idol.RACRequestDemo;
				PRODUCT_NAME = "$(TARGET_NAME)";
				TARGETED_DEVICE_FAMILY = "1,2";
			};
			name = Debug;
		};
		D5EEBFF8200F504B003E54F0 /* Release */ = {
			isa = XCBuildConfiguration;
			baseConfigurationReference = 29448825100EA9FB9FD28670 /* Pods-RACRequestDemo.release.xcconfig */;
			buildSettings = {
				ASSETCATALOG_COMPILER_APPICON_NAME = AppIcon;
				CODE_SIGN_STYLE = Automatic;
				INFOPLIST_FILE = RACRequestDemo/Info.plist;
				LD_RUNPATH_SEARCH_PATHS = "$(inherited) @executable_path/Frameworks";
				PRODUCT_BUNDLE_IDENTIFIER = com.idol.RACRequestDemo;
				PRODUCT_NAME = "$(TARGET_NAME)";
				TARGETED_DEVICE_FAMILY = "1,2";
			};
			name = Release;
		};
/* End XCBuildConfiguration section */

/* Begin XCConfigurationList section */
		D5EEBFDB200F504B003E54F0 /* Build configuration list for PBXProject "RACRequestDemo" */ = {
			isa = XCConfigurationList;
			buildConfigurations = (
				D5EEBFF4200F504B003E54F0 /* Debug */,
				D5EEBFF5200F504B003E54F0 /* Release */,
			);
			defaultConfigurationIsVisible = 0;
			defaultConfigurationName = Release;
		};
		D5EEBFF6200F504B003E54F0 /* Build configuration list for PBXNativeTarget "RACRequestDemo" */ = {
			isa = XCConfigurationList;
			buildConfigurations = (
				D5EEBFF7200F504B003E54F0 /* Debug */,
				D5EEBFF8200F504B003E54F0 /* Release */,
			);
			defaultConfigurationIsVisible = 0;
			defaultConfigurationName = Release;
		};
/* End XCConfigurationList section */
	};
	rootObject = D5EEBFD8200F504B003E54F0 /* Project object */;
}
