// !$*UTF8*$!
{
	archiveVersion = 1;
	classes = {
	};
	objectVersion = 48;
	objects = {

/* Begin PBXBuildFile section */
		8B17C24702DFBFAF5A7EB5BB /* libPods-ReactiveCocoaDemo.a in Frameworks */ = {isa = PBXBuildFile; fileRef = FAF314A0990080C8FC062F46 /* libPods-ReactiveCocoaDemo.a */; };
		D571B945200DFD6F002C2010 /* AppDelegate.m in Sources */ = {isa = PBXBuildFile; fileRef = D571B944200DFD6F002C2010 /* AppDelegate.m */; };
		D571B948200DFD6F002C2010 /* ViewController.m in Sources */ = {isa = PBXBuildFile; fileRef = D571B947200DFD6F002C2010 /* ViewController.m */; };
		D571B94B200DFD6F002C2010 /* Main.storyboard in Resources */ = {isa = PBXBuildFile; fileRef = D571B949200DFD6F002C2010 /* Main.storyboard */; };
		D571B94D200DFD6F002C2010 /* Assets.xcassets in Resources */ = {isa = PBXBuildFile; fileRef = D571B94C200DFD6F002C2010 /* Assets.xcassets */; };
		D571B950200DFD6F002C2010 /* LaunchScreen.storyboard in Resources */ = {isa = PBXBuildFile; fileRef = D571B94E200DFD6F002C2010 /* LaunchScreen.storyboard */; };
		D571B953200DFD6F002C2010 /* main.m in Sources */ = {isa = PBXBuildFile; fileRef = D571B952200DFD6F002C2010 /* main.m */; };
		D571B95B200E038C002C2010 /* SignInService.m in Sources */ = {isa = PBXBuildFile; fileRef = D571B95A200E038C002C2010 /* SignInService.m */; };
/* End PBXBuildFile section */

/* Begin PBXFileReference section */
		002CB7FF0B424B505637FB24 /* Pods-ReactiveCocoaDemo.debug.xcconfig */ = {isa = PBXFileReference; includeInIndex = 1; lastKnownFileType = text.xcconfig; name = "Pods-ReactiveCocoaDemo.debug.xcconfig"; path = "Pods/Target Support Files/Pods-ReactiveCocoaDemo/Pods-ReactiveCocoaDemo.debug.xcconfig"; sourceTree = "<group>"; };
		029F11041E65AAF22192459C /* Pods-ReactiveCocoaDemo.release.xcconfig */ = {isa = PBXFileReference; includeInIndex = 1; lastKnownFileType = text.xcconfig; name = "Pods-ReactiveCocoaDemo.release.xcconfig"; path = "Pods/Target Support Files/Pods-ReactiveCocoaDemo/Pods-ReactiveCocoaDemo.release.xcconfig"; sourceTree = "<group>"; };
		D571B940200DFD6F002C2010 /* ReactiveCocoaDemo.app */ = {isa = PBXFileReference; explicitFileType = wrapper.application; includeInIndex = 0; path = ReactiveCocoaDemo.app; sourceTree = BUILT_PRODUCTS_DIR; };
		D571B943200DFD6F002C2010 /* AppDelegate.h */ = {isa = PBXFileReference; lastKnownFileType = sourcecode.c.h; path = AppDelegate.h; sourceTree = "<group>"; };
		D571B944200DFD6F002C2010 /* AppDelegate.m */ = {isa = PBXFileReference; lastKnownFileType = sourcecode.c.objc; path = AppDelegate.m; sourceTree = "<group>"; };
		D571B946200DFD6F002C2010 /* ViewController.h */ = {isa = PBXFileReference; lastKnownFileType = sourcecode.c.h; path = ViewController.h; sourceTree = "<group>"; };
		D571B947200DFD6F002C2010 /* ViewController.m */ = {isa = PBXFileReference; lastKnownFileType = sourcecode.c.objc; path = ViewController.m; sourceTree = "<group>"; };
		D571B94A200DFD6F002C2010 /* Base */ = {isa = PBXFileReference; lastKnownFileType = file.storyboard; name = Base; path = Base.lproj/Main.storyboard; sourceTree = "<group>"; };
		D571B94C200DFD6F002C2010 /* Assets.xcassets */ = {isa = PBXFileReference; lastKnownFileType = folder.assetcatalog; path = Assets.xcassets; sourceTree = "<group>"; };
		D571B94F200DFD6F002C2010 /* Base */ = {isa = PBXFileReference; lastKnownFileType = file.storyboard; name = Base; path = Base.lproj/LaunchScreen.storyboard; sourceTree = "<group>"; };
		D571B951200DFD6F002C2010 /* Info.plist */ = {isa = PBXFileReference; lastKnownFileType = text.plist.xml; path = Info.plist; sourceTree = "<group>"; };
		D571B952200DFD6F002C2010 /* main.m */ = {isa = PBXFileReference; lastKnownFileType = sourcecode.c.objc; path = main.m; sourceTree = "<group>"; };
		D571B959200E038C002C2010 /* SignInService.h */ = {isa = PBXFileReference; lastKnownFileType = sourcecode.c.h; path = SignInService.h; sourceTree = "<group>"; };
		D571B95A200E038C002C2010 /* SignInService.m */ = {isa = PBXFileReference; lastKnownFileType = sourcecode.c.objc; path = SignInService.m; sourceTree = "<group>"; };
		FAF314A0990080C8FC062F46 /* libPods-ReactiveCocoaDemo.a */ = {isa = PBXFileReference; explicitFileType = archive.ar; includeInIndex = 0; path = "libPods-ReactiveCocoaDemo.a"; sourceTree = BUILT_PRODUCTS_DIR; };
/* End PBXFileReference section */

/* Begin PBXFrameworksBuildPhase section */
		D571B93D200DFD6F002C2010 /* Frameworks */ = {
			isa = PBXFrameworksBuildPhase;
			buildActionMask = 2147483647;
			files = (
				8B17C24702DFBFAF5A7EB5BB /* libPods-ReactiveCocoaDemo.a in Frameworks */,
			);
			runOnlyForDeploymentPostprocessing = 0;
		};
/* End PBXFrameworksBuildPhase section */

/* Begin PBXGroup section */
		21A8AF6D0670629DB832FDB0 /* Pods */ = {
			isa = PBXGroup;
			children = (
				002CB7FF0B424B505637FB24 /* Pods-ReactiveCocoaDemo.debug.xcconfig */,
				029F11041E65AAF22192459C /* Pods-ReactiveCocoaDemo.release.xcconfig */,
			);
			name = Pods;
			sourceTree = "<group>";
		};
		3A050B4B0384006A3CA28B23 /* Frameworks */ = {
			isa = PBXGroup;
			children = (
				FAF314A0990080C8FC062F46 /* libPods-ReactiveCocoaDemo.a */,
			);
			name = Frameworks;
			sourceTree = "<group>";
		};
		D571B937200DFD6F002C2010 = {
			isa = PBXGroup;
			children = (
				D571B942200DFD6F002C2010 /* ReactiveCocoaDemo */,
				D571B941200DFD6F002C2010 /* Products */,
				21A8AF6D0670629DB832FDB0 /* Pods */,
				3A050B4B0384006A3CA28B23 /* Frameworks */,
			);
			sourceTree = "<group>";
		};
		D571B941200DFD6F002C2010 /* Products */ = {
			isa = PBXGroup;
			children = (
				D571B940200DFD6F002C2010 /* ReactiveCocoaDemo.app */,
			);
			name = Products;
			sourceTree = "<group>";
		};
		D571B942200DFD6F002C2010 /* ReactiveCocoaDemo */ = {
			isa = PBXGroup;
			children = (
				D571B943200DFD6F002C2010 /* AppDelegate.h */,
				D571B944200DFD6F002C2010 /* AppDelegate.m */,
				D571B959200E038C002C2010 /* SignInService.h */,
				D571B95A200E038C002C2010 /* SignInService.m */,
				D571B946200DFD6F002C2010 /* ViewController.h */,
				D571B947200DFD6F002C2010 /* ViewController.m */,
				D571B949200DFD6F002C2010 /* Main.storyboard */,
				D571B94C200DFD6F002C2010 /* Assets.xcassets */,
				D571B94E200DFD6F002C2010 /* LaunchScreen.storyboard */,
				D571B951200DFD6F002C2010 /* Info.plist */,
				D571B952200DFD6F002C2010 /* main.m */,
			);
			path = ReactiveCocoaDemo;
			sourceTree = "<group>";
		};
/* End PBXGroup section */

/* Begin PBXNativeTarget section */
		D571B93F200DFD6F002C2010 /* ReactiveCocoaDemo */ = {
			isa = PBXNativeTarget;
			buildConfigurationList = D571B956200DFD6F002C2010 /* Build configuration list for PBXNativeTarget "ReactiveCocoaDemo" */;
			buildPhases = (
				2F140EA1D684F438DD07095C /* [CP] Check Pods Manifest.lock */,
				D571B93C200DFD6F002C2010 /* Sources */,
				D571B93D200DFD6F002C2010 /* Frameworks */,
				D571B93E200DFD6F002C2010 /* Resources */,
				2E61A513FF87D108F3C63F83 /* [CP] Embed Pods Frameworks */,
				E4395B6A834AF886F9FA1A1D /* [CP] Copy Pods Resources */,
			);
			buildRules = (
			);
			dependencies = (
			);
			name = ReactiveCocoaDemo;
			productName = ReactiveCocoaDemo;
			productReference = D571B940200DFD6F002C2010 /* ReactiveCocoaDemo.app */;
			productType = "com.apple.product-type.application";
		};
/* End PBXNativeTarget section */

/* Begin PBXProject section */
		D571B938200DFD6F002C2010 /* Project object */ = {
			isa = PBXProject;
			attributes = {
				LastUpgradeCheck = 0920;
				ORGANIZATIONNAME = idol;
				TargetAttributes = {
					D571B93F200DFD6F002C2010 = {
						CreatedOnToolsVersion = 9.2;
						ProvisioningStyle = Automatic;
					};
				};
			};
			buildConfigurationList = D571B93B200DFD6F002C2010 /* Build configuration list for PBXProject "ReactiveCocoaDemo" */;
			compatibilityVersion = "Xcode 8.0";
			developmentRegion = en;
			hasScannedForEncodings = 0;
			knownRegions = (
				en,
				Base,
			);
			mainGroup = D571B937200DFD6F002C2010;
			productRefGroup = D571B941200DFD6F002C2010 /* Products */;
			projectDirPath = "";
			projectRoot = "";
			targets = (
				D571B93F200DFD6F002C2010 /* ReactiveCocoaDemo */,
			);
		};
/* End PBXProject section */

/* Begin PBXResourcesBuildPhase section */
		D571B93E200DFD6F002C2010 /* Resources */ = {
			isa = PBXResourcesBuildPhase;
			buildActionMask = 2147483647;
			files = (
				D571B950200DFD6F002C2010 /* LaunchScreen.storyboard in Resources */,
				D571B94D200DFD6F002C2010 /* Assets.xcassets in Resources */,
				D571B94B200DFD6F002C2010 /* Main.storyboard in Resources */,
			);
			runOnlyForDeploymentPostprocessing = 0;
		};
/* End PBXResourcesBuildPhase section */

/* Begin PBXShellScriptBuildPhase section */
		2E61A513FF87D108F3C63F83 /* [CP] Embed Pods Frameworks */ = {
			isa = PBXShellScriptBuildPhase;
			buildActionMask = 2147483647;
			files = (
			);
			inputPaths = (
			);
			name = "[CP] Embed Pods Frameworks";
			outputPaths = (
			);
			runOnlyForDeploymentPostprocessing = 0;
			shellPath = /bin/sh;
			shellScript = "\"${SRCROOT}/Pods/Target Support Files/Pods-ReactiveCocoaDemo/Pods-ReactiveCocoaDemo-frameworks.sh\"\n";
			showEnvVarsInLog = 0;
		};
		2F140EA1D684F438DD07095C /* [CP] Check Pods Manifest.lock */ = {
			isa = PBXShellScriptBuildPhase;
			buildActionMask = 2147483647;
			files = (
			);
			inputPaths = (
				"${PODS_PODFILE_DIR_PATH}/Podfile.lock",
				"${PODS_ROOT}/Manifest.lock",
			);
			name = "[CP] Check Pods Manifest.lock";
			outputPaths = (
				"$(DERIVED_FILE_DIR)/Pods-ReactiveCocoaDemo-checkManifestLockResult.txt",
			);
			runOnlyForDeploymentPostprocessing = 0;
			shellPath = /bin/sh;
			shellScript = "diff \"${PODS_PODFILE_DIR_PATH}/Podfile.lock\" \"${PODS_ROOT}/Manifest.lock\" > /dev/null\nif [ $? != 0 ] ; then\n    # print error to STDERR\n    echo \"error: The sandbox is not in sync with the Podfile.lock. Run 'pod install' or update your CocoaPods installation.\" >&2\n    exit 1\nfi\n# This output is used by Xcode 'outputs' to avoid re-running this script phase.\necho \"SUCCESS\" > \"${SCRIPT_OUTPUT_FILE_0}\"\n";
			showEnvVarsInLog = 0;
		};
		E4395B6A834AF886F9FA1A1D /* [CP] Copy Pods Resources */ = {
			isa = PBXShellScriptBuildPhase;
			buildActionMask = 2147483647;
			files = (
			);
			inputPaths = (
			);
			name = "[CP] Copy Pods Resources";
			outputPaths = (
			);
			runOnlyForDeploymentPostprocessing = 0;
			shellPath = /bin/sh;
			shellScript = "\"${SRCROOT}/Pods/Target Support Files/Pods-ReactiveCocoaDemo/Pods-ReactiveCocoaDemo-resources.sh\"\n";
			showEnvVarsInLog = 0;
		};
/* End PBXShellScriptBuildPhase section */

/* Begin PBXSourcesBuildPhase section */
		D571B93C200DFD6F002C2010 /* Sources */ = {
			isa = PBXSourcesBuildPhase;
			buildActionMask = 2147483647;
			files = (
				D571B948200DFD6F002C2010 /* ViewController.m in Sources */,
				D571B953200DFD6F002C2010 /* main.m in Sources */,
				D571B945200DFD6F002C2010 /* AppDelegate.m in Sources */,
				D571B95B200E038C002C2010 /* SignInService.m in Sources */,
			);
			runOnlyForDeploymentPostprocessing = 0;
		};
/* End PBXSourcesBuildPhase section */

/* Begin PBXVariantGroup section */
		D571B949200DFD6F002C2010 /* Main.storyboard */ = {
			isa = PBXVariantGroup;
			children = (
				D571B94A200DFD6F002C2010 /* Base */,
			);
			name = Main.storyboard;
			sourceTree = "<group>";
		};
		D571B94E200DFD6F002C2010 /* LaunchScreen.storyboard */ = {
			isa = PBXVariantGroup;
			children = (
				D571B94F200DFD6F002C2010 /* Base */,
			);
			name = LaunchScreen.storyboard;
			sourceTree = "<group>";
		};
/* End PBXVariantGroup section */

/* Begin XCBuildConfiguration section */
		D571B954200DFD6F002C2010 /* Debug */ = {
			isa = XCBuildConfiguration;
			buildSettings = {
				ALWAYS_SEARCH_USER_PATHS = NO;
				CLANG_ANALYZER_NONNULL = YES;
				CLANG_ANALYZER_NUMBER_OBJECT_CONVERSION = YES_AGGRESSIVE;
				CLANG_CXX_LANGUAGE_STANDARD = "gnu++14";
				CLANG_CXX_LIBRARY = "libc++";
				CLANG_ENABLE_MODULES = YES;
				CLANG_ENABLE_OBJC_ARC = YES;
				CLANG_WARN_BLOCK_CAPTURE_AUTORELEASING = YES;
				CLANG_WARN_BOOL_CONVERSION = YES;
				CLANG_WARN_COMMA = YES;
				CLANG_WARN_CONSTANT_CONVERSION = YES;
				CLANG_WARN_DIRECT_OBJC_ISA_USAGE = YES_ERROR;
				CLANG_WARN_DOCUMENTATION_COMMENTS = YES;
				CLANG_WARN_EMPTY_BODY = YES;
				CLANG_WARN_ENUM_CONVERSION = YES;
				CLANG_WARN_INFINITE_RECURSION = YES;
				CLANG_WARN_INT_CONVERSION = YES;
				CLANG_WARN_NON_LITERAL_NULL_CONVERSION = YES;
				CLANG_WARN_OBJC_LITERAL_CONVERSION = YES;
				CLANG_WARN_OBJC_ROOT_CLASS = YES_ERROR;
				CLANG_WARN_RANGE_LOOP_ANALYSIS = YES;
				CLANG_WARN_STRICT_PROTOTYPES = YES;
				CLANG_WARN_SUSPICIOUS_MOVE = YES;
				CLANG_WARN_UNGUARDED_AVAILABILITY = YES_AGGRESSIVE;
				CLANG_WARN_UNREACHABLE_CODE = YES;
				CLANG_WARN__DUPLICATE_METHOD_MATCH = YES;
				CODE_SIGN_IDENTITY = "iPhone Developer";
				COPY_PHASE_STRIP = NO;
				DEBUG_INFORMATION_FORMAT = dwarf;
				ENABLE_STRICT_OBJC_MSGSEND = YES;
				ENABLE_TESTABILITY = YES;
				GCC_C_LANGUAGE_STANDARD = gnu11;
				GCC_DYNAMIC_NO_PIC = NO;
				GCC_NO_COMMON_BLOCKS = YES;
				GCC_OPTIMIZATION_LEVEL = 0;
				GCC_PREPROCESSOR_DEFINITIONS = (
					"DEBUG=1",
					"$(inherited)",
				);
				GCC_WARN_64_TO_32_BIT_CONVERSION = YES;
				GCC_WARN_ABOUT_RETURN_TYPE = YES_ERROR;
				GCC_WARN_UNDECLARED_SELECTOR = YES;
				GCC_WARN_UNINITIALIZED_AUTOS = YES_AGGRESSIVE;
				GCC_WARN_UNUSED_FUNCTION = YES;
				GCC_WARN_UNUSED_VARIABLE = YES;
				IPHONEOS_DEPLOYMENT_TARGET = 11.2;
				MTL_ENABLE_DEBUG_INFO = YES;
				ONLY_ACTIVE_ARCH = YES;
				SDKROOT = iphoneos;
			};
			name = Debug;
		};
		D571B955200DFD6F002C2010 /* Release */ = {
			isa = XCBuildConfiguration;
			buildSettings = {
				ALWAYS_SEARCH_USER_PATHS = NO;
				CLANG_ANALYZER_NONNULL = YES;
				CLANG_ANALYZER_NUMBER_OBJECT_CONVERSION = YES_AGGRESSIVE;
				CLANG_CXX_LANGUAGE_STANDARD = "gnu++14";
				CLANG_CXX_LIBRARY = "libc++";
				CLANG_ENABLE_MODULES = YES;
				CLANG_ENABLE_OBJC_ARC = YES;
				CLANG_WARN_BLOCK_CAPTURE_AUTORELEASING = YES;
				CLANG_WARN_BOOL_CONVERSION = YES;
				CLANG_WARN_COMMA = YES;
				CLANG_WARN_CONSTANT_CONVERSION = YES;
				CLANG_WARN_DIRECT_OBJC_ISA_USAGE = YES_ERROR;
				CLANG_WARN_DOCUMENTATION_COMMENTS = YES;
				CLANG_WARN_EMPTY_BODY = YES;
				CLANG_WARN_ENUM_CONVERSION = YES;
				CLANG_WARN_INFINITE_RECURSION = YES;
				CLANG_WARN_INT_CONVERSION = YES;
				CLANG_WARN_NON_LITERAL_NULL_CONVERSION = YES;
				CLANG_WARN_OBJC_LITERAL_CONVERSION = YES;
				CLANG_WARN_OBJC_ROOT_CLASS = YES_ERROR;
				CLANG_WARN_RANGE_LOOP_ANALYSIS = YES;
				CLANG_WARN_STRICT_PROTOTYPES = YES;
				CLANG_WARN_SUSPICIOUS_MOVE = YES;
				CLANG_WARN_UNGUARDED_AVAILABILITY = YES_AGGRESSIVE;
				CLANG_WARN_UNREACHABLE_CODE = YES;
				CLANG_WARN__DUPLICATE_METHOD_MATCH = YES;
				CODE_SIGN_IDENTITY = "iPhone Developer";
				COPY_PHASE_STRIP = NO;
				DEBUG_INFORMATION_FORMAT = "dwarf-with-dsym";
				ENABLE_NS_ASSERTIONS = NO;
				ENABLE_STRICT_OBJC_MSGSEND = YES;
				GCC_C_LANGUAGE_STANDARD = gnu11;
				GCC_NO_COMMON_BLOCKS = YES;
				GCC_WARN_64_TO_32_BIT_CONVERSION = YES;
				GCC_WARN_ABOUT_RETURN_TYPE = YES_ERROR;
				GCC_WARN_UNDECLARED_SELECTOR = YES;
				GCC_WARN_UNINITIALIZED_AUTOS = YES_AGGRESSIVE;
				GCC_WARN_UNUSED_FUNCTION = YES;
				GCC_WARN_UNUSED_VARIABLE = YES;
				IPHONEOS_DEPLOYMENT_TARGET = 11.2;
				MTL_ENABLE_DEBUG_INFO = NO;
				SDKROOT = iphoneos;
				VALIDATE_PRODUCT = YES;
			};
			name = Release;
		};
		D571B957200DFD6F002C2010 /* Debug */ = {
			isa = XCBuildConfiguration;
			baseConfigurationReference = 002CB7FF0B424B505637FB24 /* Pods-ReactiveCocoaDemo.debug.xcconfig */;
			buildSettings = {
				ASSETCATALOG_COMPILER_APPICON_NAME = AppIcon;
				CODE_SIGN_STYLE = Automatic;
				INFOPLIST_FILE = ReactiveCocoaDemo/Info.plist;
				LD_RUNPATH_SEARCH_PATHS = "$(inherited) @executable_path/Frameworks";
				PRODUCT_BUNDLE_IDENTIFIER = com.idol.ReactiveCocoaDemo;
				PRODUCT_NAME = "$(TARGET_NAME)";
				TARGETED_DEVICE_FAMILY = "1,2";
			};
			name = Debug;
		};
		D571B958200DFD6F002C2010 /* Release */ = {
			isa = XCBuildConfiguration;
			baseConfigurationReference = 029F11041E65AAF22192459C /* Pods-ReactiveCocoaDemo.release.xcconfig */;
			buildSettings = {
				ASSETCATALOG_COMPILER_APPICON_NAME = AppIcon;
				CODE_SIGN_STYLE = Automatic;
				INFOPLIST_FILE = ReactiveCocoaDemo/Info.plist;
				LD_RUNPATH_SEARCH_PATHS = "$(inherited) @executable_path/Frameworks";
				PRODUCT_BUNDLE_IDENTIFIER = com.idol.ReactiveCocoaDemo;
				PRODUCT_NAME = "$(TARGET_NAME)";
				TARGETED_DEVICE_FAMILY = "1,2";
			};
			name = Release;
		};
/* End XCBuildConfiguration section */

/* Begin XCConfigurationList section */
		D571B93B200DFD6F002C2010 /* Build configuration list for PBXProject "ReactiveCocoaDemo" */ = {
			isa = XCConfigurationList;
			buildConfigurations = (
				D571B954200DFD6F002C2010 /* Debug */,
				D571B955200DFD6F002C2010 /* Release */,
			);
			defaultConfigurationIsVisible = 0;
			defaultConfigurationName = Release;
		};
		D571B956200DFD6F002C2010 /* Build configuration list for PBXNativeTarget "ReactiveCocoaDemo" */ = {
			isa = XCConfigurationList;
			buildConfigurations = (
				D571B957200DFD6F002C2010 /* Debug */,
				D571B958200DFD6F002C2010 /* Release */,
			);
			defaultConfigurationIsVisible = 0;
			defaultConfigurationName = Release;
		};
/* End XCConfigurationList section */
	};
	rootObject = D571B938200DFD6F002C2010 /* Project object */;
}
